// !$*UTF8*$!
{
	archiveVersion = 1;
	classes = {
	};
	objectVersion = 46;
	objects = {

/* Begin PBXBuildFile section */
		7F0E8D991F72B3B20026276A /* AppDelegate.swift in Sources */ = {isa = PBXBuildFile; fileRef = 7F0E8D981F72B3B20026276A /* AppDelegate.swift */; };
		7F0E8D9B1F72B3B20026276A /* HomeVC.swift in Sources */ = {isa = PBXBuildFile; fileRef = 7F0E8D9A1F72B3B20026276A /* HomeVC.swift */; };
		7F0E8D9E1F72B3B20026276A /* Main.storyboard in Resources */ = {isa = PBXBuildFile; fileRef = 7F0E8D9C1F72B3B20026276A /* Main.storyboard */; };
		7F0E8DA11F72B3B20026276A /* Dream_Recorder.xcdatamodeld in Sources */ = {isa = PBXBuildFile; fileRef = 7F0E8D9F1F72B3B20026276A /* Dream_Recorder.xcdatamodeld */; };
		7F0E8DA31F72B3B20026276A /* Assets.xcassets in Resources */ = {isa = PBXBuildFile; fileRef = 7F0E8DA21F72B3B20026276A /* Assets.xcassets */; };
		7F0E8DA61F72B3B20026276A /* LaunchScreen.storyboard in Resources */ = {isa = PBXBuildFile; fileRef = 7F0E8DA41F72B3B20026276A /* LaunchScreen.storyboard */; };
		7F3C2DAE1F8B3EBC00067911 /* EditVC.swift in Sources */ = {isa = PBXBuildFile; fileRef = 7F3C2DAD1F8B3EBC00067911 /* EditVC.swift */; };
		7F3C2DB01F8B3ED600067911 /* SettingsVC.swift in Sources */ = {isa = PBXBuildFile; fileRef = 7F3C2DAF1F8B3ED600067911 /* SettingsVC.swift */; };
		7F3C2DB21F8B5B7400067911 /* SegueFromLeft.swift in Sources */ = {isa = PBXBuildFile; fileRef = 7F3C2DB11F8B5B7400067911 /* SegueFromLeft.swift */; };
		7F6A10B31F9602A0001C9D69 /* Record2VC.swift in Sources */ = {isa = PBXBuildFile; fileRef = 7F6A10B21F9602A0001C9D69 /* Record2VC.swift */; };
		7F6A10B51F9602B0001C9D69 /* Record3VC.swift in Sources */ = {isa = PBXBuildFile; fileRef = 7F6A10B41F9602B0001C9D69 /* Record3VC.swift */; };
		7F9D10AB1F7B55B40052EAB3 /* EntryCell.swift in Sources */ = {isa = PBXBuildFile; fileRef = 7F9D10AA1F7B55B40052EAB3 /* EntryCell.swift */; };
		7F9D10B81F7B5DC80052EAB3 /* Entry+CoreDataClass.swift in Sources */ = {isa = PBXBuildFile; fileRef = 7F9D10B41F7B5DC80052EAB3 /* Entry+CoreDataClass.swift */; };
		7F9D10B91F7B5DC80052EAB3 /* Entry+CoreDataProperties.swift in Sources */ = {isa = PBXBuildFile; fileRef = 7F9D10B51F7B5DC80052EAB3 /* Entry+CoreDataProperties.swift */; };
		7F9D10BA1F7B5DC80052EAB3 /* Tag+CoreDataClass.swift in Sources */ = {isa = PBXBuildFile; fileRef = 7F9D10B61F7B5DC80052EAB3 /* Tag+CoreDataClass.swift */; };
		7F9D10BB1F7B5DC80052EAB3 /* Tag+CoreDataProperties.swift in Sources */ = {isa = PBXBuildFile; fileRef = 7F9D10B71F7B5DC80052EAB3 /* Tag+CoreDataProperties.swift */; };
		7FF5B0A61F7EAE25009AE216 /* DateExtensions.swift in Sources */ = {isa = PBXBuildFile; fileRef = 7FF5B0A51F7EAE25009AE216 /* DateExtensions.swift */; };
		7FFC1AB91F7E40EB00FC8583 /* CircleView.swift in Sources */ = {isa = PBXBuildFile; fileRef = 7FFC1AB81F7E40EB00FC8583 /* CircleView.swift */; };
		7FFC1ABB1F7E441E00FC8583 /* TableEntryView.swift in Sources */ = {isa = PBXBuildFile; fileRef = 7FFC1ABA1F7E441E00FC8583 /* TableEntryView.swift */; };
		7FFC1ABE1F7E467900FC8583 /* Constants.swift in Sources */ = {isa = PBXBuildFile; fileRef = 7FFC1ABD1F7E467900FC8583 /* Constants.swift */; };
		7FFC1AC21F7E4C4D00FC8583 /* HomeTableView.swift in Sources */ = {isa = PBXBuildFile; fileRef = 7FFC1AC11F7E4C4D00FC8583 /* HomeTableView.swift */; };
		7FFC1AC61F7E55EE00FC8583 /* RecordVC.swift in Sources */ = {isa = PBXBuildFile; fileRef = 7FFC1AC51F7E55EE00FC8583 /* RecordVC.swift */; };
		7FFD808F1F7E707D00038835 /* EntryVC.swift in Sources */ = {isa = PBXBuildFile; fileRef = 7FFD808E1F7E707D00038835 /* EntryVC.swift */; };
		7FFD80911F7E794500038835 /* RoundView.swift in Sources */ = {isa = PBXBuildFile; fileRef = 7FFD80901F7E794500038835 /* RoundView.swift */; };
		7FFF664C1F8DBEC00081D277 /* CustomButton.swift in Sources */ = {isa = PBXBuildFile; fileRef = 7FFF664B1F8DBEC00081D277 /* CustomButton.swift */; };
/* End PBXBuildFile section */

/* Begin PBXFileReference section */
		7F0E8D951F72B3B20026276A /* Dream Recorder.app */ = {isa = PBXFileReference; explicitFileType = wrapper.application; includeInIndex = 0; path = "Dream Recorder.app"; sourceTree = BUILT_PRODUCTS_DIR; };
		7F0E8D981F72B3B20026276A /* AppDelegate.swift */ = {isa = PBXFileReference; lastKnownFileType = sourcecode.swift; path = AppDelegate.swift; sourceTree = "<group>"; };
		7F0E8D9A1F72B3B20026276A /* HomeVC.swift */ = {isa = PBXFileReference; lastKnownFileType = sourcecode.swift; path = HomeVC.swift; sourceTree = "<group>"; };
		7F0E8D9D1F72B3B20026276A /* Base */ = {isa = PBXFileReference; lastKnownFileType = file.storyboard; name = Base; path = Base.lproj/Main.storyboard; sourceTree = "<group>"; };
		7F0E8DA01F72B3B20026276A /* Dream_Recorder.xcdatamodel */ = {isa = PBXFileReference; lastKnownFileType = wrapper.xcdatamodel; path = Dream_Recorder.xcdatamodel; sourceTree = "<group>"; };
		7F0E8DA21F72B3B20026276A /* Assets.xcassets */ = {isa = PBXFileReference; lastKnownFileType = folder.assetcatalog; path = Assets.xcassets; sourceTree = "<group>"; };
		7F0E8DA51F72B3B20026276A /* Base */ = {isa = PBXFileReference; lastKnownFileType = file.storyboard; name = Base; path = Base.lproj/LaunchScreen.storyboard; sourceTree = "<group>"; };
		7F0E8DA71F72B3B20026276A /* Info.plist */ = {isa = PBXFileReference; lastKnownFileType = text.plist.xml; path = Info.plist; sourceTree = "<group>"; };
		7F3C2DAD1F8B3EBC00067911 /* EditVC.swift */ = {isa = PBXFileReference; lastKnownFileType = sourcecode.swift; path = EditVC.swift; sourceTree = "<group>"; };
		7F3C2DAF1F8B3ED600067911 /* SettingsVC.swift */ = {isa = PBXFileReference; lastKnownFileType = sourcecode.swift; path = SettingsVC.swift; sourceTree = "<group>"; };
		7F3C2DB11F8B5B7400067911 /* SegueFromLeft.swift */ = {isa = PBXFileReference; lastKnownFileType = sourcecode.swift; path = SegueFromLeft.swift; sourceTree = "<group>"; };
		7F6A10B21F9602A0001C9D69 /* Record2VC.swift */ = {isa = PBXFileReference; lastKnownFileType = sourcecode.swift; path = Record2VC.swift; sourceTree = "<group>"; };
		7F6A10B41F9602B0001C9D69 /* Record3VC.swift */ = {isa = PBXFileReference; lastKnownFileType = sourcecode.swift; path = Record3VC.swift; sourceTree = "<group>"; };
		7F6A10B71F9A34AF001C9D69 /* test.m4a */ = {isa = PBXFileReference; lastKnownFileType = file; path = test.m4a; sourceTree = "<group>"; };
		7F9D10AA1F7B55B40052EAB3 /* EntryCell.swift */ = {isa = PBXFileReference; lastKnownFileType = sourcecode.swift; path = EntryCell.swift; sourceTree = "<group>"; };
		7F9D10B41F7B5DC80052EAB3 /* Entry+CoreDataClass.swift */ = {isa = PBXFileReference; lastKnownFileType = sourcecode.swift; path = "Entry+CoreDataClass.swift"; sourceTree = "<group>"; };
		7F9D10B51F7B5DC80052EAB3 /* Entry+CoreDataProperties.swift */ = {isa = PBXFileReference; lastKnownFileType = sourcecode.swift; path = "Entry+CoreDataProperties.swift"; sourceTree = "<group>"; };
		7F9D10B61F7B5DC80052EAB3 /* Tag+CoreDataClass.swift */ = {isa = PBXFileReference; lastKnownFileType = sourcecode.swift; path = "Tag+CoreDataClass.swift"; sourceTree = "<group>"; };
		7F9D10B71F7B5DC80052EAB3 /* Tag+CoreDataProperties.swift */ = {isa = PBXFileReference; lastKnownFileType = sourcecode.swift; path = "Tag+CoreDataProperties.swift"; sourceTree = "<group>"; };
		7FF5B0A51F7EAE25009AE216 /* DateExtensions.swift */ = {isa = PBXFileReference; lastKnownFileType = sourcecode.swift; path = DateExtensions.swift; sourceTree = "<group>"; };
		7FFC1AB81F7E40EB00FC8583 /* CircleView.swift */ = {isa = PBXFileReference; lastKnownFileType = sourcecode.swift; path = CircleView.swift; sourceTree = "<group>"; };
		7FFC1ABA1F7E441E00FC8583 /* TableEntryView.swift */ = {isa = PBXFileReference; lastKnownFileType = sourcecode.swift; path = TableEntryView.swift; sourceTree = "<group>"; };
		7FFC1ABD1F7E467900FC8583 /* Constants.swift */ = {isa = PBXFileReference; lastKnownFileType = sourcecode.swift; path = Constants.swift; sourceTree = "<group>"; };
		7FFC1AC11F7E4C4D00FC8583 /* HomeTableView.swift */ = {isa = PBXFileReference; lastKnownFileType = sourcecode.swift; path = HomeTableView.swift; sourceTree = "<group>"; };
		7FFC1AC51F7E55EE00FC8583 /* RecordVC.swift */ = {isa = PBXFileReference; lastKnownFileType = sourcecode.swift; path = RecordVC.swift; sourceTree = "<group>"; };
		7FFD808E1F7E707D00038835 /* EntryVC.swift */ = {isa = PBXFileReference; lastKnownFileType = sourcecode.swift; path = EntryVC.swift; sourceTree = "<group>"; };
		7FFD80901F7E794500038835 /* RoundView.swift */ = {isa = PBXFileReference; lastKnownFileType = sourcecode.swift; path = RoundView.swift; sourceTree = "<group>"; };
		7FFF664B1F8DBEC00081D277 /* CustomButton.swift */ = {isa = PBXFileReference; lastKnownFileType = sourcecode.swift; path = CustomButton.swift; sourceTree = "<group>"; };
/* End PBXFileReference section */

/* Begin PBXFrameworksBuildPhase section */
		7F0E8D921F72B3B20026276A /* Frameworks */ = {
			isa = PBXFrameworksBuildPhase;
			buildActionMask = 2147483647;
			files = (
			);
			runOnlyForDeploymentPostprocessing = 0;
		};
/* End PBXFrameworksBuildPhase section */

/* Begin PBXGroup section */
		7F0E8D8C1F72B3B20026276A = {
			isa = PBXGroup;
			children = (
				7F0E8D971F72B3B20026276A /* Dream Recorder */,
				7F0E8D961F72B3B20026276A /* Products */,
			);
			sourceTree = "<group>";
		};
		7F0E8D961F72B3B20026276A /* Products */ = {
			isa = PBXGroup;
			children = (
				7F0E8D951F72B3B20026276A /* Dream Recorder.app */,
			);
			name = Products;
			sourceTree = "<group>";
		};
		7F0E8D971F72B3B20026276A /* Dream Recorder */ = {
			isa = PBXGroup;
			children = (
				7F6A10B61F9A3485001C9D69 /* Resources */,
				7F9D10BC1F7B5E1C0052EAB3 /* Model */,
				7F9D10BE1F7B789B0052EAB3 /* View */,
				7F9D10BF1F7B78B40052EAB3 /* Controller */,
				7F9D10BD1F7B5F330052EAB3 /* Generated */,
				7FFC1ABC1F7E466900FC8583 /* Util */,
				7F0E8D981F72B3B20026276A /* AppDelegate.swift */,
				7F0E8D9C1F72B3B20026276A /* Main.storyboard */,
				7F0E8DA21F72B3B20026276A /* Assets.xcassets */,
				7F0E8DA41F72B3B20026276A /* LaunchScreen.storyboard */,
				7F0E8DA71F72B3B20026276A /* Info.plist */,
				7F0E8D9F1F72B3B20026276A /* Dream_Recorder.xcdatamodeld */,
			);
			path = "Dream Recorder";
			sourceTree = "<group>";
		};
		7F6A10B61F9A3485001C9D69 /* Resources */ = {
			isa = PBXGroup;
			children = (
				7F6A10B71F9A34AF001C9D69 /* test.m4a */,
			);
			path = Resources;
			sourceTree = "<group>";
		};
		7F9D10BC1F7B5E1C0052EAB3 /* Model */ = {
			isa = PBXGroup;
			children = (
				7F9D10B41F7B5DC80052EAB3 /* Entry+CoreDataClass.swift */,
				7F9D10B61F7B5DC80052EAB3 /* Tag+CoreDataClass.swift */,
			);
			path = Model;
			sourceTree = "<group>";
		};
		7F9D10BD1F7B5F330052EAB3 /* Generated */ = {
			isa = PBXGroup;
			children = (
				7F9D10B51F7B5DC80052EAB3 /* Entry+CoreDataProperties.swift */,
				7F9D10B71F7B5DC80052EAB3 /* Tag+CoreDataProperties.swift */,
			);
			path = Generated;
			sourceTree = "<group>";
		};
		7F9D10BE1F7B789B0052EAB3 /* View */ = {
			isa = PBXGroup;
			children = (
				7F9D10AA1F7B55B40052EAB3 /* EntryCell.swift */,
				7FFC1AB81F7E40EB00FC8583 /* CircleView.swift */,
				7FFC1ABA1F7E441E00FC8583 /* TableEntryView.swift */,
				7FFC1AC11F7E4C4D00FC8583 /* HomeTableView.swift */,
				7FFD80901F7E794500038835 /* RoundView.swift */,
				7F3C2DB11F8B5B7400067911 /* SegueFromLeft.swift */,
				7FFF664B1F8DBEC00081D277 /* CustomButton.swift */,
			);
			path = View;
			sourceTree = "<group>";
		};
		7F9D10BF1F7B78B40052EAB3 /* Controller */ = {
			isa = PBXGroup;
			children = (
				7F0E8D9A1F72B3B20026276A /* HomeVC.swift */,
				7FFD808E1F7E707D00038835 /* EntryVC.swift */,
				7F3C2DAD1F8B3EBC00067911 /* EditVC.swift */,
				7FFC1AC51F7E55EE00FC8583 /* RecordVC.swift */,
				7F6A10B21F9602A0001C9D69 /* Record2VC.swift */,
				7F6A10B41F9602B0001C9D69 /* Record3VC.swift */,
				7F3C2DAF1F8B3ED600067911 /* SettingsVC.swift */,
			);
			path = Controller;
			sourceTree = "<group>";
		};
		7FFC1ABC1F7E466900FC8583 /* Util */ = {
			isa = PBXGroup;
			children = (
				7FFC1ABD1F7E467900FC8583 /* Constants.swift */,
				7FF5B0A51F7EAE25009AE216 /* DateExtensions.swift */,
			);
			path = Util;
			sourceTree = "<group>";
		};
/* End PBXGroup section */

/* Begin PBXNativeTarget section */
		7F0E8D941F72B3B20026276A /* Dream Recorder */ = {
			isa = PBXNativeTarget;
			buildConfigurationList = 7F0E8DAA1F72B3B20026276A /* Build configuration list for PBXNativeTarget "Dream Recorder" */;
			buildPhases = (
				7F0E8D911F72B3B20026276A /* Sources */,
				7F0E8D921F72B3B20026276A /* Frameworks */,
				7F0E8D931F72B3B20026276A /* Resources */,
			);
			buildRules = (
			);
			dependencies = (
			);
			name = "Dream Recorder";
			productName = "Dream Recorder";
			productReference = 7F0E8D951F72B3B20026276A /* Dream Recorder.app */;
			productType = "com.apple.product-type.application";
		};
/* End PBXNativeTarget section */

/* Begin PBXProject section */
		7F0E8D8D1F72B3B20026276A /* Project object */ = {
			isa = PBXProject;
			attributes = {
				LastSwiftUpdateCheck = 0830;
				LastUpgradeCheck = 0900;
				ORGANIZATIONNAME = "Belinda Mo";
				TargetAttributes = {
					7F0E8D941F72B3B20026276A = {
						CreatedOnToolsVersion = 8.3.3;
						DevelopmentTeam = 8CZ37YMB5E;
						LastSwiftMigration = 0900;
						ProvisioningStyle = Automatic;
					};
				};
			};
			buildConfigurationList = 7F0E8D901F72B3B20026276A /* Build configuration list for PBXProject "Dream Recorder" */;
			compatibilityVersion = "Xcode 3.2";
			developmentRegion = English;
			hasScannedForEncodings = 0;
			knownRegions = (
				en,
				Base,
			);
			mainGroup = 7F0E8D8C1F72B3B20026276A;
			productRefGroup = 7F0E8D961F72B3B20026276A /* Products */;
			projectDirPath = "";
			projectRoot = "";
			targets = (
				7F0E8D941F72B3B20026276A /* Dream Recorder */,
			);
		};
/* End PBXProject section */

/* Begin PBXResourcesBuildPhase section */
		7F0E8D931F72B3B20026276A /* Resources */ = {
			isa = PBXResourcesBuildPhase;
			buildActionMask = 2147483647;
			files = (
				7F0E8DA61F72B3B20026276A /* LaunchScreen.storyboard in Resources */,
				7F0E8DA31F72B3B20026276A /* Assets.xcassets in Resources */,
				7F0E8D9E1F72B3B20026276A /* Main.storyboard in Resources */,
			);
			runOnlyForDeploymentPostprocessing = 0;
		};
/* End PBXResourcesBuildPhase section */

/* Begin PBXSourcesBuildPhase section */
		7F0E8D911F72B3B20026276A /* Sources */ = {
			isa = PBXSourcesBuildPhase;
			buildActionMask = 2147483647;
			files = (
				7FFC1ABB1F7E441E00FC8583 /* TableEntryView.swift in Sources */,
				7FFC1ABE1F7E467900FC8583 /* Constants.swift in Sources */,
				7FFC1AC61F7E55EE00FC8583 /* RecordVC.swift in Sources */,
				7FFC1AB91F7E40EB00FC8583 /* CircleView.swift in Sources */,
				7FFD80911F7E794500038835 /* RoundView.swift in Sources */,
				7F3C2DAE1F8B3EBC00067911 /* EditVC.swift in Sources */,
				7F9D10B91F7B5DC80052EAB3 /* Entry+CoreDataProperties.swift in Sources */,
				7F3C2DB21F8B5B7400067911 /* SegueFromLeft.swift in Sources */,
				7FFD808F1F7E707D00038835 /* EntryVC.swift in Sources */,
				7F9D10AB1F7B55B40052EAB3 /* EntryCell.swift in Sources */,
				7F0E8D9B1F72B3B20026276A /* HomeVC.swift in Sources */,
				7FFC1AC21F7E4C4D00FC8583 /* HomeTableView.swift in Sources */,
				7F0E8D991F72B3B20026276A /* AppDelegate.swift in Sources */,
				7F9D10B81F7B5DC80052EAB3 /* Entry+CoreDataClass.swift in Sources */,
				7FF5B0A61F7EAE25009AE216 /* DateExtensions.swift in Sources */,
				7F0E8DA11F72B3B20026276A /* Dream_Recorder.xcdatamodeld in Sources */,
				7F6A10B31F9602A0001C9D69 /* Record2VC.swift in Sources */,
				7F9D10BB1F7B5DC80052EAB3 /* Tag+CoreDataProperties.swift in Sources */,
				7F9D10BA1F7B5DC80052EAB3 /* Tag+CoreDataClass.swift in Sources */,
				7F3C2DB01F8B3ED600067911 /* SettingsVC.swift in Sources */,
				7FFF664C1F8DBEC00081D277 /* CustomButton.swift in Sources */,
				7F6A10B51F9602B0001C9D69 /* Record3VC.swift in Sources */,
			);
			runOnlyForDeploymentPostprocessing = 0;
		};
/* End PBXSourcesBuildPhase section */

/* Begin PBXVariantGroup section */
		7F0E8D9C1F72B3B20026276A /* Main.storyboard */ = {
			isa = PBXVariantGroup;
			children = (
				7F0E8D9D1F72B3B20026276A /* Base */,
			);
			name = Main.storyboard;
			sourceTree = "<group>";
		};
		7F0E8DA41F72B3B20026276A /* LaunchScreen.storyboard */ = {
			isa = PBXVariantGroup;
			children = (
				7F0E8DA51F72B3B20026276A /* Base */,
			);
			name = LaunchScreen.storyboard;
			sourceTree = "<group>";
		};
/* End PBXVariantGroup section */

/* Begin XCBuildConfiguration section */
		7F0E8DA81F72B3B20026276A /* Debug */ = {
			isa = XCBuildConfiguration;
			buildSettings = {
				ALWAYS_SEARCH_USER_PATHS = NO;
				CLANG_ANALYZER_NONNULL = YES;
				CLANG_ANALYZER_NUMBER_OBJECT_CONVERSION = YES_AGGRESSIVE;
				CLANG_CXX_LANGUAGE_STANDARD = "gnu++0x";
				CLANG_CXX_LIBRARY = "libc++";
				CLANG_ENABLE_MODULES = YES;
				CLANG_ENABLE_OBJC_ARC = YES;
				CLANG_WARN_BLOCK_CAPTURE_AUTORELEASING = YES;
				CLANG_WARN_BOOL_CONVERSION = YES;
				CLANG_WARN_COMMA = YES;
				CLANG_WARN_CONSTANT_CONVERSION = YES;
				CLANG_WARN_DIRECT_OBJC_ISA_USAGE = YES_ERROR;
				CLANG_WARN_DOCUMENTATION_COMMENTS = YES;
				CLANG_WARN_EMPTY_BODY = YES;
				CLANG_WARN_ENUM_CONVERSION = YES;
				CLANG_WARN_INFINITE_RECURSION = YES;
				CLANG_WARN_INT_CONVERSION = YES;
				CLANG_WARN_NON_LITERAL_NULL_CONVERSION = YES;
				CLANG_WARN_OBJC_LITERAL_CONVERSION = YES;
				CLANG_WARN_OBJC_ROOT_CLASS = YES_ERROR;
				CLANG_WARN_RANGE_LOOP_ANALYSIS = YES;
				CLANG_WARN_STRICT_PROTOTYPES = YES;
				CLANG_WARN_SUSPICIOUS_MOVE = YES;
				CLANG_WARN_UNREACHABLE_CODE = YES;
				CLANG_WARN__DUPLICATE_METHOD_MATCH = YES;
				"CODE_SIGN_IDENTITY[sdk=iphoneos*]" = "iPhone Developer";
				COPY_PHASE_STRIP = NO;
				DEBUG_INFORMATION_FORMAT = dwarf;
				ENABLE_STRICT_OBJC_MSGSEND = YES;
				ENABLE_TESTABILITY = YES;
				GCC_C_LANGUAGE_STANDARD = gnu99;
				GCC_DYNAMIC_NO_PIC = NO;
				GCC_NO_COMMON_BLOCKS = YES;
				GCC_OPTIMIZATION_LEVEL = 0;
				GCC_PREPROCESSOR_DEFINITIONS = (
					"DEBUG=1",
					"$(inherited)",
				);
				GCC_WARN_64_TO_32_BIT_CONVERSION = YES;
				GCC_WARN_ABOUT_RETURN_TYPE = YES_ERROR;
				GCC_WARN_UNDECLARED_SELECTOR = YES;
				GCC_WARN_UNINITIALIZED_AUTOS = YES_AGGRESSIVE;
				GCC_WARN_UNUSED_FUNCTION = YES;
				GCC_WARN_UNUSED_VARIABLE = YES;
				IPHONEOS_DEPLOYMENT_TARGET = 10.3;
				MTL_ENABLE_DEBUG_INFO = YES;
				ONLY_ACTIVE_ARCH = YES;
				SDKROOT = iphoneos;
				SWIFT_ACTIVE_COMPILATION_CONDITIONS = DEBUG;
				SWIFT_OPTIMIZATION_LEVEL = "-Onone";
				SWIFT_SWIFT3_OBJC_INFERENCE = Off;
				TARGETED_DEVICE_FAMILY = "1,2";
			};
			name = Debug;
		};
		7F0E8DA91F72B3B20026276A /* Release */ = {
			isa = XCBuildConfiguration;
			buildSettings = {
				ALWAYS_SEARCH_USER_PATHS = NO;
				CLANG_ANALYZER_NONNULL = YES;
				CLANG_ANALYZER_NUMBER_OBJECT_CONVERSION = YES_AGGRESSIVE;
				CLANG_CXX_LANGUAGE_STANDARD = "gnu++0x";
				CLANG_CXX_LIBRARY = "libc++";
				CLANG_ENABLE_MODULES = YES;
				CLANG_ENABLE_OBJC_ARC = YES;
				CLANG_WARN_BLOCK_CAPTURE_AUTORELEASING = YES;
				CLANG_WARN_BOOL_CONVERSION = YES;
				CLANG_WARN_COMMA = YES;
				CLANG_WARN_CONSTANT_CONVERSION = YES;
				CLANG_WARN_DIRECT_OBJC_ISA_USAGE = YES_ERROR;
				CLANG_WARN_DOCUMENTATION_COMMENTS = YES;
				CLANG_WARN_EMPTY_BODY = YES;
				CLANG_WARN_ENUM_CONVERSION = YES;
				CLANG_WARN_INFINITE_RECURSION = YES;
				CLANG_WARN_INT_CONVERSION = YES;
				CLANG_WARN_NON_LITERAL_NULL_CONVERSION = YES;
				CLANG_WARN_OBJC_LITERAL_CONVERSION = YES;
				CLANG_WARN_OBJC_ROOT_CLASS = YES_ERROR;
				CLANG_WARN_RANGE_LOOP_ANALYSIS = YES;
				CLANG_WARN_STRICT_PROTOTYPES = YES;
				CLANG_WARN_SUSPICIOUS_MOVE = YES;
				CLANG_WARN_UNREACHABLE_CODE = YES;
				CLANG_WARN__DUPLICATE_METHOD_MATCH = YES;
				"CODE_SIGN_IDENTITY[sdk=iphoneos*]" = "iPhone Developer";
				COPY_PHASE_STRIP = NO;
				DEBUG_INFORMATION_FORMAT = "dwarf-with-dsym";
				ENABLE_NS_ASSERTIONS = NO;
				ENABLE_STRICT_OBJC_MSGSEND = YES;
				GCC_C_LANGUAGE_STANDARD = gnu99;
				GCC_NO_COMMON_BLOCKS = YES;
				GCC_WARN_64_TO_32_BIT_CONVERSION = YES;
				GCC_WARN_ABOUT_RETURN_TYPE = YES_ERROR;
				GCC_WARN_UNDECLARED_SELECTOR = YES;
				GCC_WARN_UNINITIALIZED_AUTOS = YES_AGGRESSIVE;
				GCC_WARN_UNUSED_FUNCTION = YES;
				GCC_WARN_UNUSED_VARIABLE = YES;
				IPHONEOS_DEPLOYMENT_TARGET = 10.3;
				MTL_ENABLE_DEBUG_INFO = NO;
				SDKROOT = iphoneos;
				SWIFT_OPTIMIZATION_LEVEL = "-Owholemodule";
				SWIFT_SWIFT3_OBJC_INFERENCE = Off;
				TARGETED_DEVICE_FAMILY = "1,2";
				VALIDATE_PRODUCT = YES;
			};
			name = Release;
		};
		7F0E8DAB1F72B3B20026276A /* Debug */ = {
			isa = XCBuildConfiguration;
			buildSettings = {
				ASSETCATALOG_COMPILER_APPICON_NAME = AppIcon;
				DEVELOPMENT_TEAM = 8CZ37YMB5E;
				INFOPLIST_FILE = "Dream Recorder/Info.plist";
				LD_RUNPATH_SEARCH_PATHS = "$(inherited) @executable_path/Frameworks";
				PRODUCT_BUNDLE_IDENTIFIER = "com.BelindaMo.Dream-Recorder";
				PRODUCT_NAME = "$(TARGET_NAME)";
				SWIFT_SWIFT3_OBJC_INFERENCE = Off;
				SWIFT_VERSION = 4.0;
				TARGETED_DEVICE_FAMILY = 1;
			};
			name = Debug;
		};
		7F0E8DAC1F72B3B20026276A /* Release */ = {
			isa = XCBuildConfiguration;
			buildSettings = {
				ASSETCATALOG_COMPILER_APPICON_NAME = AppIcon;
				DEVELOPMENT_TEAM = 8CZ37YMB5E;
				INFOPLIST_FILE = "Dream Recorder/Info.plist";
				LD_RUNPATH_SEARCH_PATHS = "$(inherited) @executable_path/Frameworks";
				PRODUCT_BUNDLE_IDENTIFIER = "com.BelindaMo.Dream-Recorder";
				PRODUCT_NAME = "$(TARGET_NAME)";
				SWIFT_SWIFT3_OBJC_INFERENCE = Off;
				SWIFT_VERSION = 4.0;
				TARGETED_DEVICE_FAMILY = 1;
			};
			name = Release;
		};
/* End XCBuildConfiguration section */

/* Begin XCConfigurationList section */
		7F0E8D901F72B3B20026276A /* Build configuration list for PBXProject "Dream Recorder" */ = {
			isa = XCConfigurationList;
			buildConfigurations = (
				7F0E8DA81F72B3B20026276A /* Debug */,
				7F0E8DA91F72B3B20026276A /* Release */,
			);
			defaultConfigurationIsVisible = 0;
			defaultConfigurationName = Release;
		};
		7F0E8DAA1F72B3B20026276A /* Build configuration list for PBXNativeTarget "Dream Recorder" */ = {
			isa = XCConfigurationList;
			buildConfigurations = (
				7F0E8DAB1F72B3B20026276A /* Debug */,
				7F0E8DAC1F72B3B20026276A /* Release */,
			);
			defaultConfigurationIsVisible = 0;
			defaultConfigurationName = Release;
		};
/* End XCConfigurationList section */

/* Begin XCVersionGroup section */
		7F0E8D9F1F72B3B20026276A /* Dream_Recorder.xcdatamodeld */ = {
			isa = XCVersionGroup;
			children = (
				7F0E8DA01F72B3B20026276A /* Dream_Recorder.xcdatamodel */,
			);
			currentVersion = 7F0E8DA01F72B3B20026276A /* Dream_Recorder.xcdatamodel */;
			path = Dream_Recorder.xcdatamodeld;
			sourceTree = "<group>";
			versionGroupType = wrapper.xcdatamodel;
		};
/* End XCVersionGroup section */
	};
	rootObject = 7F0E8D8D1F72B3B20026276A /* Project object */;
}
